
Microsoft Visual Studio Solution File, Format Version 12.00
# Visual Studio 15
VisualStudioVersion = 15.0.28307.106
MinimumVisualStudioVersion = 10.0.40219.1
Project("{9A19103F-16F7-4668-BE54-9A1E7A4F7556}") = "JieDDDFramework.Core", "JieDDDFramework.Core\JieDDDFramework.Core.csproj", "{FF328A32-979C-45BC-98D1-DAB2669FEAB9}"
EndProject
Project("{9A19103F-16F7-4668-BE54-9A1E7A4F7556}") = "JieDDDFramework.Data", "JieDDDFramework.Data\JieDDDFramework.Data.csproj", "{C2656CA2-4B23-4BE1-A2FE-3CABA8C748AA}"
EndProject
Project("{9A19103F-16F7-4668-BE54-9A1E7A4F7556}") = "JieDDDFramework.Data.EntityFramework", "JieDDDFramework.Data.EntityFramework\JieDDDFramework.Data.EntityFramework.csproj", "{18D1173F-E777-48A9-B885-D07908F34775}"
EndProject
Project("{2150E333-8FDC-42A3-9474-1A3956D46DE8}") = "Example", "Example", "{7BCE3166-E9BC-4F67-BAAB-E5C3468FE41F}"
EndProject
Project("{2150E333-8FDC-42A3-9474-1A3956D46DE8}") = "Module", "Module", "{5DC72A69-71F4-499E-81E9-935CD1E2E3DA}"
EndProject
Project("{9A19103F-16F7-4668-BE54-9A1E7A4F7556}") = "JieDDDFramework.Module.Identity", "Module\JieDDDFramework.Module.Identity\JieDDDFramework.Module.Identity.csproj", "{CE0D234A-4903-472D-A492-B5F1C717FD45}"
EndProject
Project("{9A19103F-16F7-4668-BE54-9A1E7A4F7556}") = "Identity.API", "Example\Identity.API\Identity.API.csproj", "{B640DCDB-6470-4B01-8A56-1D8C83AE1707}"
EndProject
Project("{9A19103F-16F7-4668-BE54-9A1E7A4F7556}") = "JieDDDFramework.Web", "JieDDDFramework.Web\JieDDDFramework.Web.csproj", "{DB4BE020-FFDE-4A40-A832-9A44D128F942}"
EndProject
Project("{2150E333-8FDC-42A3-9474-1A3956D46DE8}") = "Tools", "Tools", "{65DB4A64-149B-4334-BDED-6B4BD2667E92}"
EndProject
Project("{9A19103F-16F7-4668-BE54-9A1E7A4F7556}") = "RSACryptoGenerate", "Tools\RSACryptoGenerate\RSACryptoGenerate.csproj", "{B7589F64-1BD0-4D61-81FE-FC74167B5E34}"
EndProject
Project("{9A19103F-16F7-4668-BE54-9A1E7A4F7556}") = "Order.Domain", "Example\Order.Domain\Order.Domain.csproj", "{D7B5DAC6-7AE3-486F-ADBC-34EDE25E6312}"
EndProject
Project("{9A19103F-16F7-4668-BE54-9A1E7A4F7556}") = "Order.API", "Example\Order.API\Order.API.csproj", "{482C46C6-D8E8-44F3-9104-92D7D2F87AE1}"
EndProject
Global
	GlobalSection(SolutionConfigurationPlatforms) = preSolution
		Debug|Any CPU = Debug|Any CPU
		Release|Any CPU = Release|Any CPU
	EndGlobalSection
	GlobalSection(ProjectConfigurationPlatforms) = postSolution
		{FF328A32-979C-45BC-98D1-DAB2669FEAB9}.Debug|Any CPU.ActiveCfg = Debug|Any CPU
		{FF328A32-979C-45BC-98D1-DAB2669FEAB9}.Debug|Any CPU.Build.0 = Debug|Any CPU
		{FF328A32-979C-45BC-98D1-DAB2669FEAB9}.Release|Any CPU.ActiveCfg = Release|Any CPU
		{FF328A32-979C-45BC-98D1-DAB2669FEAB9}.Release|Any CPU.Build.0 = Release|Any CPU
		{C2656CA2-4B23-4BE1-A2FE-3CABA8C748AA}.Debug|Any CPU.ActiveCfg = Debug|Any CPU
		{C2656CA2-4B23-4BE1-A2FE-3CABA8C748AA}.Debug|Any CPU.Build.0 = Debug|Any CPU
		{C2656CA2-4B23-4BE1-A2FE-3CABA8C748AA}.Release|Any CPU.ActiveCfg = Release|Any CPU
		{C2656CA2-4B23-4BE1-A2FE-3CABA8C748AA}.Release|Any CPU.Build.0 = Release|Any CPU
		{18D1173F-E777-48A9-B885-D07908F34775}.Debug|Any CPU.ActiveCfg = Debug|Any CPU
		{18D1173F-E777-48A9-B885-D07908F34775}.Debug|Any CPU.Build.0 = Debug|Any CPU
		{18D1173F-E777-48A9-B885-D07908F34775}.Release|Any CPU.ActiveCfg = Release|Any CPU
		{18D1173F-E777-48A9-B885-D07908F34775}.Release|Any CPU.Build.0 = Release|Any CPU
		{CE0D234A-4903-472D-A492-B5F1C717FD45}.Debug|Any CPU.ActiveCfg = Debug|Any CPU
		{CE0D234A-4903-472D-A492-B5F1C717FD45}.Debug|Any CPU.Build.0 = Debug|Any CPU
		{CE0D234A-4903-472D-A492-B5F1C717FD45}.Release|Any CPU.ActiveCfg = Release|Any CPU
		{CE0D234A-4903-472D-A492-B5F1C717FD45}.Release|Any CPU.Build.0 = Release|Any CPU
		{B640DCDB-6470-4B01-8A56-1D8C83AE1707}.Debug|Any CPU.ActiveCfg = Debug|Any CPU
		{B640DCDB-6470-4B01-8A56-1D8C83AE1707}.Debug|Any CPU.Build.0 = Debug|Any CPU
		{B640DCDB-6470-4B01-8A56-1D8C83AE1707}.Release|Any CPU.ActiveCfg = Release|Any CPU
		{B640DCDB-6470-4B01-8A56-1D8C83AE1707}.Release|Any CPU.Build.0 = Release|Any CPU
		{DB4BE020-FFDE-4A40-A832-9A44D128F942}.Debug|Any CPU.ActiveCfg = Debug|Any CPU
		{DB4BE020-FFDE-4A40-A832-9A44D128F942}.Debug|Any CPU.Build.0 = Debug|Any CPU
		{DB4BE020-FFDE-4A40-A832-9A44D128F942}.Release|Any CPU.ActiveCfg = Release|Any CPU
		{DB4BE020-FFDE-4A40-A832-9A44D128F942}.Release|Any CPU.Build.0 = Release|Any CPU
		{B7589F64-1BD0-4D61-81FE-FC74167B5E34}.Debug|Any CPU.ActiveCfg = Debug|Any CPU
		{B7589F64-1BD0-4D61-81FE-FC74167B5E34}.Debug|Any CPU.Build.0 = Debug|Any CPU
		{B7589F64-1BD0-4D61-81FE-FC74167B5E34}.Release|Any CPU.ActiveCfg = Release|Any CPU
		{B7589F64-1BD0-4D61-81FE-FC74167B5E34}.Release|Any CPU.Build.0 = Release|Any CPU
		{D7B5DAC6-7AE3-486F-ADBC-34EDE25E6312}.Debug|Any CPU.ActiveCfg = Debug|Any CPU
		{D7B5DAC6-7AE3-486F-ADBC-34EDE25E6312}.Debug|Any CPU.Build.0 = Debug|Any CPU
		{D7B5DAC6-7AE3-486F-ADBC-34EDE25E6312}.Release|Any CPU.ActiveCfg = Release|Any CPU
		{D7B5DAC6-7AE3-486F-ADBC-34EDE25E6312}.Release|Any CPU.Build.0 = Release|Any CPU
		{482C46C6-D8E8-44F3-9104-92D7D2F87AE1}.Debug|Any CPU.ActiveCfg = Debug|Any CPU
		{482C46C6-D8E8-44F3-9104-92D7D2F87AE1}.Debug|Any CPU.Build.0 = Debug|Any CPU
		{482C46C6-D8E8-44F3-9104-92D7D2F87AE1}.Release|Any CPU.ActiveCfg = Release|Any CPU
		{482C46C6-D8E8-44F3-9104-92D7D2F87AE1}.Release|Any CPU.Build.0 = Release|Any CPU
	EndGlobalSection
	GlobalSection(SolutionProperties) = preSolution
		HideSolutionNode = FALSE
	EndGlobalSection
	GlobalSection(NestedProjects) = preSolution
		{CE0D234A-4903-472D-A492-B5F1C717FD45} = {5DC72A69-71F4-499E-81E9-935CD1E2E3DA}
		{B640DCDB-6470-4B01-8A56-1D8C83AE1707} = {7BCE3166-E9BC-4F67-BAAB-E5C3468FE41F}
		{B7589F64-1BD0-4D61-81FE-FC74167B5E34} = {65DB4A64-149B-4334-BDED-6B4BD2667E92}
		{D7B5DAC6-7AE3-486F-ADBC-34EDE25E6312} = {7BCE3166-E9BC-4F67-BAAB-E5C3468FE41F}
		{482C46C6-D8E8-44F3-9104-92D7D2F87AE1} = {7BCE3166-E9BC-4F67-BAAB-E5C3468FE41F}
	EndGlobalSection
	GlobalSection(ExtensibilityGlobals) = postSolution
		SolutionGuid = {BA329D25-2C6E-4797-A174-5086A73ED416}
	EndGlobalSection
EndGlobal
